
Microsoft Visual Studio Solution File, Format Version 12.00
# Visual Studio Version 16
VisualStudioVersion = 16.0.28803.352
MinimumVisualStudioVersion = 10.0.40219.1
Project("{9A19103F-16F7-4668-BE54-9A1E7A4F7556}") = "EToken.API", "EToken\EToken.API.csproj", "{560587B1-E013-4EF5-9492-EEE2546FFC45}"
EndProject
Project("{FAE04EC0-301F-11D3-BF4B-00C04F79EFBC}") = "EToken.Core", "EToken.Core\EToken.Core.csproj", "{0C3B0BB5-8C8C-455B-8340-64E0B8F9F3F6}"
EndProject
Project("{FAE04EC0-301F-11D3-BF4B-00C04F79EFBC}") = "EToken.Infrustructure", "EToken.Infrustructure\EToken.Infrustructure.csproj", "{F86D388C-9915-451E-87D4-E627DDE40A84}"
EndProject
Global
	GlobalSection(SolutionConfigurationPlatforms) = preSolution
		Debug|Any CPU = Debug|Any CPU
		Release|Any CPU = Release|Any CPU
	EndGlobalSection
	GlobalSection(ProjectConfigurationPlatforms) = postSolution
		{560587B1-E013-4EF5-9492-EEE2546FFC45}.Debug|Any CPU.ActiveCfg = Debug|Any CPU
		{560587B1-E013-4EF5-9492-EEE2546FFC45}.Debug|Any CPU.Build.0 = Debug|Any CPU
		{560587B1-E013-4EF5-9492-EEE2546FFC45}.Release|Any CPU.ActiveCfg = Release|Any CPU
		{560587B1-E013-4EF5-9492-EEE2546FFC45}.Release|Any CPU.Build.0 = Release|Any CPU
		{0C3B0BB5-8C8C-455B-8340-64E0B8F9F3F6}.Debug|Any CPU.ActiveCfg = Debug|Any CPU
		{0C3B0BB5-8C8C-455B-8340-64E0B8F9F3F6}.Debug|Any CPU.Build.0 = Debug|Any CPU
		{0C3B0BB5-8C8C-455B-8340-64E0B8F9F3F6}.Release|Any CPU.ActiveCfg = Release|Any CPU
		{0C3B0BB5-8C8C-455B-8340-64E0B8F9F3F6}.Release|Any CPU.Build.0 = Release|Any CPU
		{F86D388C-9915-451E-87D4-E627DDE40A84}.Debug|Any CPU.ActiveCfg = Debug|Any CPU
		{F86D388C-9915-451E-87D4-E627DDE40A84}.Debug|Any CPU.Build.0 = Debug|Any CPU
		{F86D388C-9915-451E-87D4-E627DDE40A84}.Release|Any CPU.ActiveCfg = Release|Any CPU
		{F86D388C-9915-451E-87D4-E627DDE40A84}.Release|Any CPU.Build.0 = Release|Any CPU
	EndGlobalSection
	GlobalSection(SolutionProperties) = preSolution
		HideSolutionNode = FALSE
	EndGlobalSection
	GlobalSection(ExtensibilityGlobals) = postSolution
		SolutionGuid = {DA2586CA-8D6B-43EC-97BE-DC4A3E792A76}
	EndGlobalSection
EndGlobal
